
Microsoft Visual Studio Solution File, Format Version 12.00
# Visual Studio Version 17
VisualStudioVersion = 17.1.32319.34
MinimumVisualStudioVersion = 10.0.40219.1
Project("{FAE04EC0-301F-11D3-BF4B-00C04F79EFBC}") = "BookStore", "BookStore\BookStore.csproj", "{15782614-DD84-4074-A5CC-4ED9ED9DF376}"
EndProject
Global
	GlobalSection(SolutionConfigurationPlatforms) = preSolution
		Debug|Any CPU = Debug|Any CPU
		Release|Any CPU = Release|Any CPU
	EndGlobalSection
	GlobalSection(ProjectConfigurationPlatforms) = postSolution
		{15782614-DD84-4074-A5CC-4ED9ED9DF376}.Debug|Any CPU.ActiveCfg = Debug|Any CPU
		{15782614-DD84-4074-A5CC-4ED9ED9DF376}.Debug|Any CPU.Build.0 = Debug|Any CPU
		{15782614-DD84-4074-A5CC-4ED9ED9DF376}.Release|Any CPU.ActiveCfg = Release|Any CPU
		{15782614-DD84-4074-A5CC-4ED9ED9DF376}.Release|Any CPU.Build.0 = Release|Any CPU
	EndGlobalSection
	GlobalSection(SolutionProperties) = preSolution
		HideSolutionNode = FALSE
	EndGlobalSection
	GlobalSection(ExtensibilityGlobals) = postSolution
		SolutionGuid = {32C04FA3-FF75-45D7-94FF-97D488E86197}
	EndGlobalSection
EndGlobal
